<?xml version="1.0" encoding="utf-8"?>
<Project ToolsVersion="4.0" xmlns="http://schemas.microsoft.com/developer/msbuild/2003">
  <ItemGroup>
    <ClCompile Include="About.cpp" />
    <ClCompile Include="AboutUs.cpp" />
    <ClCompile Include="AddEquipment.cpp" />
    <ClCompile Include="AddFigurine.cpp" />
    <ClCompile Include="AddUnit.cpp" />
    <ClCompile Include="Army.cpp" />
    <ClCompile Include="Connexion.cpp" />
    <ClCompile Include="CreateArmy.cpp" />
    <ClCompile Include="DAL.cpp" />
    <ClCompile Include="Equipment.cpp" />
    <ClCompile Include="Figurine.cpp" />
    <ClCompile Include="HomePage.cpp" />
    <ClCompile Include="Option.cpp" />
    <ClCompile Include="Role.cpp" />
    <ClCompile Include="Rule.cpp" />
    <ClCompile Include="SaveArmy.cpp" />
    <ClCompile Include="SaveFigurine.cpp" />
    <ClCompile Include="SaveUnit.cpp" />
    <ClCompile Include="Type.cpp" />
    <ClCompile Include="Unit.cpp" />
    <ClCompile Include="ValidatedArmy.cpp" />
    <ClCompile Include="ViewArmy.cpp" />
    <ClCompile Include="ViewFigurine.cpp" />
    <ClCompile Include="WarHammer 40K Army Factory.cpp" />
    <ClCompile Include="bdd.cpp" />
  </ItemGroup>
  <ItemGroup>
    <ClInclude Include="About.h" />
    <ClInclude Include="AboutUs.h" />
    <ClInclude Include="AddEquipment.h" />
    <ClInclude Include="AddFigurine.h" />
    <ClInclude Include="AddUnit.h" />
    <ClInclude Include="Army.h" />
    <ClInclude Include="BLL.h" />
    <ClInclude Include="Connexion.h" />
    <ClInclude Include="CreateArmy.h" />
    <ClInclude Include="DAL.h" />
    <ClInclude Include="Equipment.h" />
    <ClInclude Include="Figurine.h" />
    <ClInclude Include="Header.h" />
    <ClInclude Include="HomePage.h" />
    <ClInclude Include="Option.h" />
    <ClInclude Include="Role.h" />
    <ClInclude Include="Rule.h" />
    <ClInclude Include="SaveArmy.h" />
    <ClInclude Include="SaveFigurine.h" />
    <ClInclude Include="SaveUnit.h" />
    <ClInclude Include="Type.h" />
    <ClInclude Include="Unit.h" />
    <ClInclude Include="ValidatedArmy.h" />
    <ClInclude Include="ViewArmy.h" />
    <ClInclude Include="ViewFigurine.h" />
    <ClInclude Include="WarHammer 40K Army Factory.h" />
    <ClInclude Include="bdd.h" />
  </ItemGroup>
  <ItemGroup>
    <Image Include="img\wh40k.png" />
  </ItemGroup>
  <ItemGroup>
    <EmbeddedResource Include="HomePage.resx" />
    <EmbeddedResource Include="WarHammer 40K Army Factory.resx" />
  </ItemGroup>
</Project>